
Microsoft Visual Studio Solution File, Format Version 12.00
Project("{FAE04EC0-301F-11D3-BF4B-00C04F79EFBC}") = "StringExtensions", "StringExtensions\StringExtensions.csproj", "{0D12F4B1-75AB-4AF7-AD51-C541AF3D19AF}"
EndProject
Project("{FAE04EC0-301F-11D3-BF4B-00C04F79EFBC}") = "StringExtensions.Test", "StringExtensions.Test\StringExtensions.Test.csproj", "{388C1984-F723-4739-8E95-B592F26DA9DB}"
EndProject
Project("{FAE04EC0-301F-11D3-BF4B-00C04F79EFBC}") = "EmbeddedResourceService", "EmbeddedResourceService\EmbeddedResourceService.csproj", "{AE8C8354-17B2-4D90-A6D6-93DC0788920E}"
EndProject
Project("{FAE04EC0-301F-11D3-BF4B-00C04F79EFBC}") = "EmbeddedResourceService.Test", "EmbeddedResourceService.Test\EmbeddedResourceService.Test.csproj", "{27441B98-639F-4CA2-B40A-A234988BEE1C}"
EndProject
Project("{FAE04EC0-301F-11D3-BF4B-00C04F79EFBC}") = "HtmlExtensions", "HtmlExtensions\HtmlExtensions.csproj", "{67D91257-57DB-47FD-A85F-7B34DFC8DDA9}"
EndProject
Project("{FAE04EC0-301F-11D3-BF4B-00C04F79EFBC}") = "HtmlExtensions.Test", "HtmlExtensions.Test\HtmlExtensions.Test.csproj", "{D7A52314-8B91-45F1-ACD0-D96C1EF982F6}"
EndProject
Global
	GlobalSection(SolutionConfigurationPlatforms) = preSolution
		Debug|Any CPU = Debug|Any CPU
		Release|Any CPU = Release|Any CPU
	EndGlobalSection
	GlobalSection(ProjectConfigurationPlatforms) = postSolution
		{0D12F4B1-75AB-4AF7-AD51-C541AF3D19AF}.Debug|Any CPU.ActiveCfg = Debug|Any CPU
		{0D12F4B1-75AB-4AF7-AD51-C541AF3D19AF}.Debug|Any CPU.Build.0 = Debug|Any CPU
		{0D12F4B1-75AB-4AF7-AD51-C541AF3D19AF}.Release|Any CPU.ActiveCfg = Release|Any CPU
		{0D12F4B1-75AB-4AF7-AD51-C541AF3D19AF}.Release|Any CPU.Build.0 = Release|Any CPU
		{388C1984-F723-4739-8E95-B592F26DA9DB}.Debug|Any CPU.ActiveCfg = Debug|Any CPU
		{388C1984-F723-4739-8E95-B592F26DA9DB}.Debug|Any CPU.Build.0 = Debug|Any CPU
		{388C1984-F723-4739-8E95-B592F26DA9DB}.Release|Any CPU.ActiveCfg = Release|Any CPU
		{388C1984-F723-4739-8E95-B592F26DA9DB}.Release|Any CPU.Build.0 = Release|Any CPU
		{AE8C8354-17B2-4D90-A6D6-93DC0788920E}.Debug|Any CPU.ActiveCfg = Debug|Any CPU
		{AE8C8354-17B2-4D90-A6D6-93DC0788920E}.Debug|Any CPU.Build.0 = Debug|Any CPU
		{AE8C8354-17B2-4D90-A6D6-93DC0788920E}.Release|Any CPU.ActiveCfg = Release|Any CPU
		{AE8C8354-17B2-4D90-A6D6-93DC0788920E}.Release|Any CPU.Build.0 = Release|Any CPU
		{27441B98-639F-4CA2-B40A-A234988BEE1C}.Debug|Any CPU.ActiveCfg = Debug|Any CPU
		{27441B98-639F-4CA2-B40A-A234988BEE1C}.Debug|Any CPU.Build.0 = Debug|Any CPU
		{27441B98-639F-4CA2-B40A-A234988BEE1C}.Release|Any CPU.ActiveCfg = Release|Any CPU
		{27441B98-639F-4CA2-B40A-A234988BEE1C}.Release|Any CPU.Build.0 = Release|Any CPU
		{67D91257-57DB-47FD-A85F-7B34DFC8DDA9}.Debug|Any CPU.ActiveCfg = Debug|Any CPU
		{67D91257-57DB-47FD-A85F-7B34DFC8DDA9}.Debug|Any CPU.Build.0 = Debug|Any CPU
		{67D91257-57DB-47FD-A85F-7B34DFC8DDA9}.Release|Any CPU.ActiveCfg = Release|Any CPU
		{67D91257-57DB-47FD-A85F-7B34DFC8DDA9}.Release|Any CPU.Build.0 = Release|Any CPU
		{D7A52314-8B91-45F1-ACD0-D96C1EF982F6}.Debug|Any CPU.ActiveCfg = Debug|Any CPU
		{D7A52314-8B91-45F1-ACD0-D96C1EF982F6}.Debug|Any CPU.Build.0 = Debug|Any CPU
		{D7A52314-8B91-45F1-ACD0-D96C1EF982F6}.Release|Any CPU.ActiveCfg = Release|Any CPU
		{D7A52314-8B91-45F1-ACD0-D96C1EF982F6}.Release|Any CPU.Build.0 = Release|Any CPU
	EndGlobalSection
EndGlobal
